
Microsoft Visual Studio Solution File, Format Version 12.00
# Visual Studio Version 17
VisualStudioVersion = 17.10.34928.147
MinimumVisualStudioVersion = 10.0.40219.1
Project("{9A19103F-16F7-4668-BE54-9A1E7A4F7556}") = "ASP.NetProject", "ASP.NetProject\ASP.NetProject.csproj", "{C0975DE1-B3DB-47AF-BA70-2CA841EFB4EB}"
EndProject
Project("{2150E333-8FDC-42A3-9474-1A3956D46DE8}") = "Solution Items", "Solution Items", "{8CEF5247-0290-4EF9-9B3B-5E15CA7104F5}"
EndProject
Global
	GlobalSection(SolutionConfigurationPlatforms) = preSolution
		Debug|Any CPU = Debug|Any CPU
		Release|Any CPU = Release|Any CPU
	EndGlobalSection
	GlobalSection(ProjectConfigurationPlatforms) = postSolution
		{C0975DE1-B3DB-47AF-BA70-2CA841EFB4EB}.Debug|Any CPU.ActiveCfg = Debug|Any CPU
		{C0975DE1-B3DB-47AF-BA70-2CA841EFB4EB}.Debug|Any CPU.Build.0 = Debug|Any CPU
		{C0975DE1-B3DB-47AF-BA70-2CA841EFB4EB}.Release|Any CPU.ActiveCfg = Release|Any CPU
		{C0975DE1-B3DB-47AF-BA70-2CA841EFB4EB}.Release|Any CPU.Build.0 = Release|Any CPU
	EndGlobalSection
	GlobalSection(SolutionProperties) = preSolution
		HideSolutionNode = FALSE
	EndGlobalSection
	GlobalSection(ExtensibilityGlobals) = postSolution
		SolutionGuid = {E0F29947-B2E3-4FDE-9F4B-7E9DC4CD469B}
	EndGlobalSection
EndGlobal
